# Generated by pub
# See http://pub.dartlang.org/doc/glossary.html#lockfile

{"packages":{"dartemis":{"version":"0.4.1","source":"hosted","description":"dartemis"},"browser":{"version":"0.5.0+1","source":"hosted","description":"browser"},"canvas_query":{"version":"0.1.2","source":"hosted","description":"canvas_query"}}}
