# Generated by pub
# See http://pub.dartlang.org/doc/glossary.html#lockfile

{"packages":{"asset_pack":{"version":"0.6.0","source":"git","description":{"url":"https://github.com/johnmccutchan/asset_pack.git","ref":null,"resolved-ref":"87edd6ec9a561a0b1774b711f2dd64242d024eb9"}},"canvas_query":{"version":"0.1.2","source":"hosted","description":"canvas_query"},"simple_audio":{"version":"0.9.0","source":"git","description":{"url":"git://github.com/johnmccutchan/simpleaudio.git","ref":null,"resolved-ref":"1e7083b7bc72feabd64253603e9aa1e051b93d60"}},"browser":{"version":"0.5.0+1","source":"hosted","description":"browser"},"dartemis":{"version":"0.4.1","source":"hosted","description":"dartemis"}}}
